# THIS IS AN AUTOGENERATED FILE. DO NOT EDIT THIS FILE DIRECTLY.
# yarn lockfile v1


three@^0.122.0:
  version "0.122.0"
  resolved "https://registry.yarnpkg.com/three/-/three-0.122.0.tgz#bd9ed8a8820074856e8ba7b63fe0a65176e01aeb"
  integrity sha512-bgYMo0WdaQhf7DhLE8OSNN/rVFO5J4K1A2VeeKqoV4MjjuHjfCP6xLpg8Xedhns7NlEnN3sZ6VJROq19Qyl6Sg==
